
Microsoft Visual Studio Solution File, Format Version 12.00
# Visual Studio Version 17
VisualStudioVersion = 17.7.34221.43
MinimumVisualStudioVersion = 10.0.40219.1
Project("{FAE04EC0-301F-11D3-BF4B-00C04F79EFBC}") = "GA_BinarySearch_MeiliZheng", "GA_BinarySearch_MeiliZheng.csproj", "{D2D4CD22-5990-411A-A3E2-590BABE1934D}"
EndProject
Global
	GlobalSection(SolutionConfigurationPlatforms) = preSolution
		Debug|Any CPU = Debug|Any CPU
		Release|Any CPU = Release|Any CPU
	EndGlobalSection
	GlobalSection(ProjectConfigurationPlatforms) = postSolution
		{D2D4CD22-5990-411A-A3E2-590BABE1934D}.Debug|Any CPU.ActiveCfg = Debug|Any CPU
		{D2D4CD22-5990-411A-A3E2-590BABE1934D}.Debug|Any CPU.Build.0 = Debug|Any CPU
		{D2D4CD22-5990-411A-A3E2-590BABE1934D}.Release|Any CPU.ActiveCfg = Release|Any CPU
		{D2D4CD22-5990-411A-A3E2-590BABE1934D}.Release|Any CPU.Build.0 = Release|Any CPU
	EndGlobalSection
	GlobalSection(SolutionProperties) = preSolution
		HideSolutionNode = FALSE
	EndGlobalSection
	GlobalSection(ExtensibilityGlobals) = postSolution
		SolutionGuid = {1498BBE5-7346-4121-BF6F-296EC6ADF594}
	EndGlobalSection
EndGlobal
